# THIS IS AN AUTOGENERATED FILE. DO NOT EDIT THIS FILE DIRECTLY.
# yarn lockfile v1

sass@^1.35.2:
  version "1.35.2"
  resolved "https://registry.yarnpkg.com/sass/-/sass-1.35.2.tgz#b732314fcdaf7ef8d0f1698698adc378043cb821"
  integrity sha512-jhO5KAR+AMxCEwIH3v+4zbB2WB0z67V1X0jbapfVwQQdjHZUGUyukpnoM6+iCMfsIUC016w9OPKQ5jrNOS9uXw==
  dependencies:
    chokidar ">=3.0.0 <4.0.0"

